// !$*UTF8*$!
{
	archiveVersion = 1;
	classes = {
	};
	objectVersion = 56;
	objects = {

/* Begin PBXBuildFile section */
		595A4A2D2B3DCCE100FC2DBA /* plutoApp.swift in Sources */ = {isa = PBXBuildFile; fileRef = 595A4A2C2B3DCCE100FC2DBA /* plutoApp.swift */; };
		595A4A2F2B3DCCE100FC2DBA /* ContentView.swift in Sources */ = {isa = PBXBuildFile; fileRef = 595A4A2E2B3DCCE100FC2DBA /* ContentView.swift */; };
		595A4A312B3DCCE100FC2DBA /* Item.swift in Sources */ = {isa = PBXBuildFile; fileRef = 595A4A302B3DCCE100FC2DBA /* Item.swift */; };
		595A4A332B3DCCE200FC2DBA /* Assets.xcassets in Resources */ = {isa = PBXBuildFile; fileRef = 595A4A322B3DCCE200FC2DBA /* Assets.xcassets */; };
		595A4A372B3DCCE200FC2DBA /* Preview Assets.xcassets in Resources */ = {isa = PBXBuildFile; fileRef = 595A4A362B3DCCE200FC2DBA /* Preview Assets.xcassets */; };
		595A4A412B3DCCE200FC2DBA /* plutoTests.swift in Sources */ = {isa = PBXBuildFile; fileRef = 595A4A402B3DCCE200FC2DBA /* plutoTests.swift */; };
		595A4A4B2B3DCCE200FC2DBA /* plutoUITests.swift in Sources */ = {isa = PBXBuildFile; fileRef = 595A4A4A2B3DCCE200FC2DBA /* plutoUITests.swift */; };
		595A4A4D2B3DCCE200FC2DBA /* plutoUITestsLaunchTests.swift in Sources */ = {isa = PBXBuildFile; fileRef = 595A4A4C2B3DCCE200FC2DBA /* plutoUITestsLaunchTests.swift */; };
/* End PBXBuildFile section */

/* Begin PBXContainerItemProxy section */
		595A4A3D2B3DCCE200FC2DBA /* PBXContainerItemProxy */ = {
			isa = PBXContainerItemProxy;
			containerPortal = 595A4A212B3DCCE100FC2DBA /* Project object */;
			proxyType = 1;
			remoteGlobalIDString = 595A4A282B3DCCE100FC2DBA;
			remoteInfo = pluto;
		};
		595A4A472B3DCCE200FC2DBA /* PBXContainerItemProxy */ = {
			isa = PBXContainerItemProxy;
			containerPortal = 595A4A212B3DCCE100FC2DBA /* Project object */;
			proxyType = 1;
			remoteGlobalIDString = 595A4A282B3DCCE100FC2DBA;
			remoteInfo = pluto;
		};
/* End PBXContainerItemProxy section */

/* Begin PBXFileReference section */
		595A4A292B3DCCE100FC2DBA /* pluto.app */ = {isa = PBXFileReference; explicitFileType = wrapper.application; includeInIndex = 0; path = pluto.app; sourceTree = BUILT_PRODUCTS_DIR; };
		595A4A2C2B3DCCE100FC2DBA /* plutoApp.swift */ = {isa = PBXFileReference; lastKnownFileType = sourcecode.swift; path = plutoApp.swift; sourceTree = "<group>"; };
		595A4A2E2B3DCCE100FC2DBA /* ContentView.swift */ = {isa = PBXFileReference; lastKnownFileType = sourcecode.swift; path = ContentView.swift; sourceTree = "<group>"; };
		595A4A302B3DCCE100FC2DBA /* Item.swift */ = {isa = PBXFileReference; lastKnownFileType = sourcecode.swift; path = Item.swift; sourceTree = "<group>"; };
		595A4A322B3DCCE200FC2DBA /* Assets.xcassets */ = {isa = PBXFileReference; lastKnownFileType = folder.assetcatalog; path = Assets.xcassets; sourceTree = "<group>"; };
		595A4A342B3DCCE200FC2DBA /* pluto.entitlements */ = {isa = PBXFileReference; lastKnownFileType = text.plist.entitlements; path = pluto.entitlements; sourceTree = "<group>"; };
		595A4A362B3DCCE200FC2DBA /* Preview Assets.xcassets */ = {isa = PBXFileReference; lastKnownFileType = folder.assetcatalog; path = "Preview Assets.xcassets"; sourceTree = "<group>"; };
		595A4A3C2B3DCCE200FC2DBA /* plutoTests.xctest */ = {isa = PBXFileReference; explicitFileType = wrapper.cfbundle; includeInIndex = 0; path = plutoTests.xctest; sourceTree = BUILT_PRODUCTS_DIR; };
		595A4A402B3DCCE200FC2DBA /* plutoTests.swift */ = {isa = PBXFileReference; lastKnownFileType = sourcecode.swift; path = plutoTests.swift; sourceTree = "<group>"; };
		595A4A462B3DCCE200FC2DBA /* plutoUITests.xctest */ = {isa = PBXFileReference; explicitFileType = wrapper.cfbundle; includeInIndex = 0; path = plutoUITests.xctest; sourceTree = BUILT_PRODUCTS_DIR; };
		595A4A4A2B3DCCE200FC2DBA /* plutoUITests.swift */ = {isa = PBXFileReference; lastKnownFileType = sourcecode.swift; path = plutoUITests.swift; sourceTree = "<group>"; };
		595A4A4C2B3DCCE200FC2DBA /* plutoUITestsLaunchTests.swift */ = {isa = PBXFileReference; lastKnownFileType = sourcecode.swift; path = plutoUITestsLaunchTests.swift; sourceTree = "<group>"; };
/* End PBXFileReference section */

/* Begin PBXFrameworksBuildPhase section */
		595A4A262B3DCCE100FC2DBA /* Frameworks */ = {
			isa = PBXFrameworksBuildPhase;
			buildActionMask = 2147483647;
			files = (
			);
			runOnlyForDeploymentPostprocessing = 0;
		};
		595A4A392B3DCCE200FC2DBA /* Frameworks */ = {
			isa = PBXFrameworksBuildPhase;
			buildActionMask = 2147483647;
			files = (
			);
			runOnlyForDeploymentPostprocessing = 0;
		};
		595A4A432B3DCCE200FC2DBA /* Frameworks */ = {
			isa = PBXFrameworksBuildPhase;
			buildActionMask = 2147483647;
			files = (
			);
			runOnlyForDeploymentPostprocessing = 0;
		};
/* End PBXFrameworksBuildPhase section */

/* Begin PBXGroup section */
		595A4A202B3DCCE100FC2DBA = {
			isa = PBXGroup;
			children = (
				595A4A2B2B3DCCE100FC2DBA /* pluto */,
				595A4A3F2B3DCCE200FC2DBA /* plutoTests */,
				595A4A492B3DCCE200FC2DBA /* plutoUITests */,
				595A4A2A2B3DCCE100FC2DBA /* Products */,
			);
			sourceTree = "<group>";
		};
		595A4A2A2B3DCCE100FC2DBA /* Products */ = {
			isa = PBXGroup;
			children = (
				595A4A292B3DCCE100FC2DBA /* pluto.app */,
				595A4A3C2B3DCCE200FC2DBA /* plutoTests.xctest */,
				595A4A462B3DCCE200FC2DBA /* plutoUITests.xctest */,
			);
			name = Products;
			sourceTree = "<group>";
		};
		595A4A2B2B3DCCE100FC2DBA /* pluto */ = {
			isa = PBXGroup;
			children = (
				595A4A2C2B3DCCE100FC2DBA /* plutoApp.swift */,
				595A4A2E2B3DCCE100FC2DBA /* ContentView.swift */,
				595A4A302B3DCCE100FC2DBA /* Item.swift */,
				595A4A322B3DCCE200FC2DBA /* Assets.xcassets */,
				595A4A342B3DCCE200FC2DBA /* pluto.entitlements */,
				595A4A352B3DCCE200FC2DBA /* Preview Content */,
			);
			path = pluto;
			sourceTree = "<group>";
		};
		595A4A352B3DCCE200FC2DBA /* Preview Content */ = {
			isa = PBXGroup;
			children = (
				595A4A362B3DCCE200FC2DBA /* Preview Assets.xcassets */,
			);
			path = "Preview Content";
			sourceTree = "<group>";
		};
		595A4A3F2B3DCCE200FC2DBA /* plutoTests */ = {
			isa = PBXGroup;
			children = (
				595A4A402B3DCCE200FC2DBA /* plutoTests.swift */,
			);
			path = plutoTests;
			sourceTree = "<group>";
		};
		595A4A492B3DCCE200FC2DBA /* plutoUITests */ = {
			isa = PBXGroup;
			children = (
				595A4A4A2B3DCCE200FC2DBA /* plutoUITests.swift */,
				595A4A4C2B3DCCE200FC2DBA /* plutoUITestsLaunchTests.swift */,
			);
			path = plutoUITests;
			sourceTree = "<group>";
		};
/* End PBXGroup section */

/* Begin PBXNativeTarget section */
		595A4A282B3DCCE100FC2DBA /* pluto */ = {
			isa = PBXNativeTarget;
			buildConfigurationList = 595A4A502B3DCCE200FC2DBA /* Build configuration list for PBXNativeTarget "pluto" */;
			buildPhases = (
				595A4A252B3DCCE100FC2DBA /* Sources */,
				595A4A262B3DCCE100FC2DBA /* Frameworks */,
				595A4A272B3DCCE100FC2DBA /* Resources */,
			);
			buildRules = (
			);
			dependencies = (
			);
			name = pluto;
			productName = pluto;
			productReference = 595A4A292B3DCCE100FC2DBA /* pluto.app */;
			productType = "com.apple.product-type.application";
		};
		595A4A3B2B3DCCE200FC2DBA /* plutoTests */ = {
			isa = PBXNativeTarget;
			buildConfigurationList = 595A4A532B3DCCE200FC2DBA /* Build configuration list for PBXNativeTarget "plutoTests" */;
			buildPhases = (
				595A4A382B3DCCE200FC2DBA /* Sources */,
				595A4A392B3DCCE200FC2DBA /* Frameworks */,
				595A4A3A2B3DCCE200FC2DBA /* Resources */,
			);
			buildRules = (
			);
			dependencies = (
				595A4A3E2B3DCCE200FC2DBA /* PBXTargetDependency */,
			);
			name = plutoTests;
			productName = plutoTests;
			productReference = 595A4A3C2B3DCCE200FC2DBA /* plutoTests.xctest */;
			productType = "com.apple.product-type.bundle.unit-test";
		};
		595A4A452B3DCCE200FC2DBA /* plutoUITests */ = {
			isa = PBXNativeTarget;
			buildConfigurationList = 595A4A562B3DCCE200FC2DBA /* Build configuration list for PBXNativeTarget "plutoUITests" */;
			buildPhases = (
				595A4A422B3DCCE200FC2DBA /* Sources */,
				595A4A432B3DCCE200FC2DBA /* Frameworks */,
				595A4A442B3DCCE200FC2DBA /* Resources */,
			);
			buildRules = (
			);
			dependencies = (
				595A4A482B3DCCE200FC2DBA /* PBXTargetDependency */,
			);
			name = plutoUITests;
			productName = plutoUITests;
			productReference = 595A4A462B3DCCE200FC2DBA /* plutoUITests.xctest */;
			productType = "com.apple.product-type.bundle.ui-testing";
		};
/* End PBXNativeTarget section */

/* Begin PBXProject section */
		595A4A212B3DCCE100FC2DBA /* Project object */ = {
			isa = PBXProject;
			attributes = {
				BuildIndependentTargetsInParallel = 1;
				LastSwiftUpdateCheck = 1510;
				LastUpgradeCheck = 1510;
				TargetAttributes = {
					595A4A282B3DCCE100FC2DBA = {
						CreatedOnToolsVersion = 15.1;
					};
					595A4A3B2B3DCCE200FC2DBA = {
						CreatedOnToolsVersion = 15.1;
						TestTargetID = 595A4A282B3DCCE100FC2DBA;
					};
					595A4A452B3DCCE200FC2DBA = {
						CreatedOnToolsVersion = 15.1;
						TestTargetID = 595A4A282B3DCCE100FC2DBA;
					};
				};
			};
			buildConfigurationList = 595A4A242B3DCCE100FC2DBA /* Build configuration list for PBXProject "pluto" */;
			compatibilityVersion = "Xcode 14.0";
			developmentRegion = en;
			hasScannedForEncodings = 0;
			knownRegions = (
				en,
				Base,
			);
			mainGroup = 595A4A202B3DCCE100FC2DBA;
			productRefGroup = 595A4A2A2B3DCCE100FC2DBA /* Products */;
			projectDirPath = "";
			projectRoot = "";
			targets = (
				595A4A282B3DCCE100FC2DBA /* pluto */,
				595A4A3B2B3DCCE200FC2DBA /* plutoTests */,
				595A4A452B3DCCE200FC2DBA /* plutoUITests */,
			);
		};
/* End PBXProject section */

/* Begin PBXResourcesBuildPhase section */
		595A4A272B3DCCE100FC2DBA /* Resources */ = {
			isa = PBXResourcesBuildPhase;
			buildActionMask = 2147483647;
			files = (
				595A4A372B3DCCE200FC2DBA /* Preview Assets.xcassets in Resources */,
				595A4A332B3DCCE200FC2DBA /* Assets.xcassets in Resources */,
			);
			runOnlyForDeploymentPostprocessing = 0;
		};
		595A4A3A2B3DCCE200FC2DBA /* Resources */ = {
			isa = PBXResourcesBuildPhase;
			buildActionMask = 2147483647;
			files = (
			);
			runOnlyForDeploymentPostprocessing = 0;
		};
		595A4A442B3DCCE200FC2DBA /* Resources */ = {
			isa = PBXResourcesBuildPhase;
			buildActionMask = 2147483647;
			files = (
			);
			runOnlyForDeploymentPostprocessing = 0;
		};
/* End PBXResourcesBuildPhase section */

/* Begin PBXSourcesBuildPhase section */
		595A4A252B3DCCE100FC2DBA /* Sources */ = {
			isa = PBXSourcesBuildPhase;
			buildActionMask = 2147483647;
			files = (
				595A4A2F2B3DCCE100FC2DBA /* ContentView.swift in Sources */,
				595A4A312B3DCCE100FC2DBA /* Item.swift in Sources */,
				595A4A2D2B3DCCE100FC2DBA /* plutoApp.swift in Sources */,
			);
			runOnlyForDeploymentPostprocessing = 0;
		};
		595A4A382B3DCCE200FC2DBA /* Sources */ = {
			isa = PBXSourcesBuildPhase;
			buildActionMask = 2147483647;
			files = (
				595A4A412B3DCCE200FC2DBA /* plutoTests.swift in Sources */,
			);
			runOnlyForDeploymentPostprocessing = 0;
		};
		595A4A422B3DCCE200FC2DBA /* Sources */ = {
			isa = PBXSourcesBuildPhase;
			buildActionMask = 2147483647;
			files = (
				595A4A4B2B3DCCE200FC2DBA /* plutoUITests.swift in Sources */,
				595A4A4D2B3DCCE200FC2DBA /* plutoUITestsLaunchTests.swift in Sources */,
			);
			runOnlyForDeploymentPostprocessing = 0;
		};
/* End PBXSourcesBuildPhase section */

/* Begin PBXTargetDependency section */
		595A4A3E2B3DCCE200FC2DBA /* PBXTargetDependency */ = {
			isa = PBXTargetDependency;
			target = 595A4A282B3DCCE100FC2DBA /* pluto */;
			targetProxy = 595A4A3D2B3DCCE200FC2DBA /* PBXContainerItemProxy */;
		};
		595A4A482B3DCCE200FC2DBA /* PBXTargetDependency */ = {
			isa = PBXTargetDependency;
			target = 595A4A282B3DCCE100FC2DBA /* pluto */;
			targetProxy = 595A4A472B3DCCE200FC2DBA /* PBXContainerItemProxy */;
		};
/* End PBXTargetDependency section */

/* Begin XCBuildConfiguration section */
		595A4A4E2B3DCCE200FC2DBA /* Debug */ = {
			isa = XCBuildConfiguration;
			buildSettings = {
				ALWAYS_SEARCH_USER_PATHS = NO;
				ASSETCATALOG_COMPILER_GENERATE_SWIFT_ASSET_SYMBOL_EXTENSIONS = YES;
				CLANG_ANALYZER_NONNULL = YES;
				CLANG_ANALYZER_NUMBER_OBJECT_CONVERSION = YES_AGGRESSIVE;
				CLANG_CXX_LANGUAGE_STANDARD = "gnu++20";
				CLANG_ENABLE_MODULES = YES;
				CLANG_ENABLE_OBJC_ARC = YES;
				CLANG_ENABLE_OBJC_WEAK = YES;
				CLANG_WARN_BLOCK_CAPTURE_AUTORELEASING = YES;
				CLANG_WARN_BOOL_CONVERSION = YES;
				CLANG_WARN_COMMA = YES;
				CLANG_WARN_CONSTANT_CONVERSION = YES;
				CLANG_WARN_DEPRECATED_OBJC_IMPLEMENTATIONS = YES;
				CLANG_WARN_DIRECT_OBJC_ISA_USAGE = YES_ERROR;
				CLANG_WARN_DOCUMENTATION_COMMENTS = YES;
				CLANG_WARN_EMPTY_BODY = YES;
				CLANG_WARN_ENUM_CONVERSION = YES;
				CLANG_WARN_INFINITE_RECURSION = YES;
				CLANG_WARN_INT_CONVERSION = YES;
				CLANG_WARN_NON_LITERAL_NULL_CONVERSION = YES;
				CLANG_WARN_OBJC_IMPLICIT_RETAIN_SELF = YES;
				CLANG_WARN_OBJC_LITERAL_CONVERSION = YES;
				CLANG_WARN_OBJC_ROOT_CLASS = YES_ERROR;
				CLANG_WARN_QUOTED_INCLUDE_IN_FRAMEWORK_HEADER = YES;
				CLANG_WARN_RANGE_LOOP_ANALYSIS = YES;
				CLANG_WARN_STRICT_PROTOTYPES = YES;
				CLANG_WARN_SUSPICIOUS_MOVE = YES;
				CLANG_WARN_UNGUARDED_AVAILABILITY = YES_AGGRESSIVE;
				CLANG_WARN_UNREACHABLE_CODE = YES;
				CLANG_WARN__DUPLICATE_METHOD_MATCH = YES;
				COPY_PHASE_STRIP = NO;
				DEBUG_INFORMATION_FORMAT = dwarf;
				ENABLE_STRICT_OBJC_MSGSEND = YES;
				ENABLE_TESTABILITY = YES;
				ENABLE_USER_SCRIPT_SANDBOXING = YES;
				GCC_C_LANGUAGE_STANDARD = gnu17;
				GCC_DYNAMIC_NO_PIC = NO;
				GCC_NO_COMMON_BLOCKS = YES;
				GCC_OPTIMIZATION_LEVEL = 0;
				GCC_PREPROCESSOR_DEFINITIONS = (
					"DEBUG=1",
					"$(inherited)",
				);
				GCC_WARN_64_TO_32_BIT_CONVERSION = YES;
				GCC_WARN_ABOUT_RETURN_TYPE = YES_ERROR;
				GCC_WARN_UNDECLARED_SELECTOR = YES;
				GCC_WARN_UNINITIALIZED_AUTOS = YES_AGGRESSIVE;
				GCC_WARN_UNUSED_FUNCTION = YES;
				GCC_WARN_UNUSED_VARIABLE = YES;
				LOCALIZATION_PREFERS_STRING_CATALOGS = YES;
				MTL_ENABLE_DEBUG_INFO = INCLUDE_SOURCE;
				MTL_FAST_MATH = YES;
				ONLY_ACTIVE_ARCH = YES;
				SWIFT_ACTIVE_COMPILATION_CONDITIONS = "DEBUG $(inherited)";
				SWIFT_OPTIMIZATION_LEVEL = "-Onone";
			};
			name = Debug;
		};
		595A4A4F2B3DCCE200FC2DBA /* Release */ = {
			isa = XCBuildConfiguration;
			buildSettings = {
				ALWAYS_SEARCH_USER_PATHS = NO;
				ASSETCATALOG_COMPILER_GENERATE_SWIFT_ASSET_SYMBOL_EXTENSIONS = YES;
				CLANG_ANALYZER_NONNULL = YES;
				CLANG_ANALYZER_NUMBER_OBJECT_CONVERSION = YES_AGGRESSIVE;
				CLANG_CXX_LANGUAGE_STANDARD = "gnu++20";
				CLANG_ENABLE_MODULES = YES;
				CLANG_ENABLE_OBJC_ARC = YES;
				CLANG_ENABLE_OBJC_WEAK = YES;
				CLANG_WARN_BLOCK_CAPTURE_AUTORELEASING = YES;
				CLANG_WARN_BOOL_CONVERSION = YES;
				CLANG_WARN_COMMA = YES;
				CLANG_WARN_CONSTANT_CONVERSION = YES;
				CLANG_WARN_DEPRECATED_OBJC_IMPLEMENTATIONS = YES;
				CLANG_WARN_DIRECT_OBJC_ISA_USAGE = YES_ERROR;
				CLANG_WARN_DOCUMENTATION_COMMENTS = YES;
				CLANG_WARN_EMPTY_BODY = YES;
				CLANG_WARN_ENUM_CONVERSION = YES;
				CLANG_WARN_INFINITE_RECURSION = YES;
				CLANG_WARN_INT_CONVERSION = YES;
				CLANG_WARN_NON_LITERAL_NULL_CONVERSION = YES;
				CLANG_WARN_OBJC_IMPLICIT_RETAIN_SELF = YES;
				CLANG_WARN_OBJC_LITERAL_CONVERSION = YES;
				CLANG_WARN_OBJC_ROOT_CLASS = YES_ERROR;
				CLANG_WARN_QUOTED_INCLUDE_IN_FRAMEWORK_HEADER = YES;
				CLANG_WARN_RANGE_LOOP_ANALYSIS = YES;
				CLANG_WARN_STRICT_PROTOTYPES = YES;
				CLANG_WARN_SUSPICIOUS_MOVE = YES;
				CLANG_WARN_UNGUARDED_AVAILABILITY = YES_AGGRESSIVE;
				CLANG_WARN_UNREACHABLE_CODE = YES;
				CLANG_WARN__DUPLICATE_METHOD_MATCH = YES;
				COPY_PHASE_STRIP = NO;
				DEBUG_INFORMATION_FORMAT = "dwarf-with-dsym";
				ENABLE_NS_ASSERTIONS = NO;
				ENABLE_STRICT_OBJC_MSGSEND = YES;
				ENABLE_USER_SCRIPT_SANDBOXING = YES;
				GCC_C_LANGUAGE_STANDARD = gnu17;
				GCC_NO_COMMON_BLOCKS = YES;
				GCC_WARN_64_TO_32_BIT_CONVERSION = YES;
				GCC_WARN_ABOUT_RETURN_TYPE = YES_ERROR;
				GCC_WARN_UNDECLARED_SELECTOR = YES;
				GCC_WARN_UNINITIALIZED_AUTOS = YES_AGGRESSIVE;
				GCC_WARN_UNUSED_FUNCTION = YES;
				GCC_WARN_UNUSED_VARIABLE = YES;
				LOCALIZATION_PREFERS_STRING_CATALOGS = YES;
				MTL_ENABLE_DEBUG_INFO = NO;
				MTL_FAST_MATH = YES;
				SWIFT_COMPILATION_MODE = wholemodule;
			};
			name = Release;
		};
		595A4A512B3DCCE200FC2DBA /* Debug */ = {
			isa = XCBuildConfiguration;
			buildSettings = {
				ASSETCATALOG_COMPILER_APPICON_NAME = AppIcon;
				ASSETCATALOG_COMPILER_GLOBAL_ACCENT_COLOR_NAME = AccentColor;
				CODE_SIGN_ENTITLEMENTS = pluto/pluto.entitlements;
				CODE_SIGN_STYLE = Automatic;
				CURRENT_PROJECT_VERSION = 1;
				DEVELOPMENT_ASSET_PATHS = "\"pluto/Preview Content\"";
				DEVELOPMENT_TEAM = JV9FLPTQ85;
				ENABLE_HARDENED_RUNTIME = YES;
				ENABLE_PREVIEWS = YES;
				GENERATE_INFOPLIST_FILE = YES;
				"INFOPLIST_KEY_UIApplicationSceneManifest_Generation[sdk=iphoneos*]" = YES;
				"INFOPLIST_KEY_UIApplicationSceneManifest_Generation[sdk=iphonesimulator*]" = YES;
				"INFOPLIST_KEY_UIApplicationSupportsIndirectInputEvents[sdk=iphoneos*]" = YES;
				"INFOPLIST_KEY_UIApplicationSupportsIndirectInputEvents[sdk=iphonesimulator*]" = YES;
				"INFOPLIST_KEY_UILaunchScreen_Generation[sdk=iphoneos*]" = YES;
				"INFOPLIST_KEY_UILaunchScreen_Generation[sdk=iphonesimulator*]" = YES;
				"INFOPLIST_KEY_UIStatusBarStyle[sdk=iphoneos*]" = UIStatusBarStyleDefault;
				"INFOPLIST_KEY_UIStatusBarStyle[sdk=iphonesimulator*]" = UIStatusBarStyleDefault;
				INFOPLIST_KEY_UISupportedInterfaceOrientations_iPad = "UIInterfaceOrientationPortrait UIInterfaceOrientationPortraitUpsideDown UIInterfaceOrientationLandscapeLeft UIInterfaceOrientationLandscapeRight";
				INFOPLIST_KEY_UISupportedInterfaceOrientations_iPhone = "UIInterfaceOrientationPortrait UIInterfaceOrientationLandscapeLeft UIInterfaceOrientationLandscapeRight";
				IPHONEOS_DEPLOYMENT_TARGET = 17.2;
				LD_RUNPATH_SEARCH_PATHS = "@executable_path/Frameworks";
				"LD_RUNPATH_SEARCH_PATHS[sdk=macosx*]" = "@executable_path/../Frameworks";
				MACOSX_DEPLOYMENT_TARGET = 14.0;
				MARKETING_VERSION = 1.0;
				PRODUCT_BUNDLE_IDENTIFIER = "pers.cierra-runis.pluto";
				PRODUCT_NAME = "$(TARGET_NAME)";
				SDKROOT = auto;
				SUPPORTED_PLATFORMS = "iphoneos iphonesimulator macosx";
				SWIFT_EMIT_LOC_STRINGS = YES;
				SWIFT_VERSION = 5.0;
				TARGETED_DEVICE_FAMILY = "1,2";
			};
			name = Debug;
		};
		595A4A522B3DCCE200FC2DBA /* Release */ = {
			isa = XCBuildConfiguration;
			buildSettings = {
				ASSETCATALOG_COMPILER_APPICON_NAME = AppIcon;
				ASSETCATALOG_COMPILER_GLOBAL_ACCENT_COLOR_NAME = AccentColor;
				CODE_SIGN_ENTITLEMENTS = pluto/pluto.entitlements;
				CODE_SIGN_STYLE = Automatic;
				CURRENT_PROJECT_VERSION = 1;
				DEVELOPMENT_ASSET_PATHS = "\"pluto/Preview Content\"";
				DEVELOPMENT_TEAM = JV9FLPTQ85;
				ENABLE_HARDENED_RUNTIME = YES;
				ENABLE_PREVIEWS = YES;
				GENERATE_INFOPLIST_FILE = YES;
				"INFOPLIST_KEY_UIApplicationSceneManifest_Generation[sdk=iphoneos*]" = YES;
				"INFOPLIST_KEY_UIApplicationSceneManifest_Generation[sdk=iphonesimulator*]" = YES;
				"INFOPLIST_KEY_UIApplicationSupportsIndirectInputEvents[sdk=iphoneos*]" = YES;
				"INFOPLIST_KEY_UIApplicationSupportsIndirectInputEvents[sdk=iphonesimulator*]" = YES;
				"INFOPLIST_KEY_UILaunchScreen_Generation[sdk=iphoneos*]" = YES;
				"INFOPLIST_KEY_UILaunchScreen_Generation[sdk=iphonesimulator*]" = YES;
				"INFOPLIST_KEY_UIStatusBarStyle[sdk=iphoneos*]" = UIStatusBarStyleDefault;
				"INFOPLIST_KEY_UIStatusBarStyle[sdk=iphonesimulator*]" = UIStatusBarStyleDefault;
				INFOPLIST_KEY_UISupportedInterfaceOrientations_iPad = "UIInterfaceOrientationPortrait UIInterfaceOrientationPortraitUpsideDown UIInterfaceOrientationLandscapeLeft UIInterfaceOrientationLandscapeRight";
				INFOPLIST_KEY_UISupportedInterfaceOrientations_iPhone = "UIInterfaceOrientationPortrait UIInterfaceOrientationLandscapeLeft UIInterfaceOrientationLandscapeRight";
				IPHONEOS_DEPLOYMENT_TARGET = 17.2;
				LD_RUNPATH_SEARCH_PATHS = "@executable_path/Frameworks";
				"LD_RUNPATH_SEARCH_PATHS[sdk=macosx*]" = "@executable_path/../Frameworks";
				MACOSX_DEPLOYMENT_TARGET = 14.0;
				MARKETING_VERSION = 1.0;
				PRODUCT_BUNDLE_IDENTIFIER = "pers.cierra-runis.pluto";
				PRODUCT_NAME = "$(TARGET_NAME)";
				SDKROOT = auto;
				SUPPORTED_PLATFORMS = "iphoneos iphonesimulator macosx";
				SWIFT_EMIT_LOC_STRINGS = YES;
				SWIFT_VERSION = 5.0;
				TARGETED_DEVICE_FAMILY = "1,2";
			};
			name = Release;
		};
		595A4A542B3DCCE200FC2DBA /* Debug */ = {
			isa = XCBuildConfiguration;
			buildSettings = {
				ALWAYS_EMBED_SWIFT_STANDARD_LIBRARIES = YES;
				BUNDLE_LOADER = "$(TEST_HOST)";
				CODE_SIGN_STYLE = Automatic;
				CURRENT_PROJECT_VERSION = 1;
				DEVELOPMENT_TEAM = JV9FLPTQ85;
				GENERATE_INFOPLIST_FILE = YES;
				IPHONEOS_DEPLOYMENT_TARGET = 17.2;
				MACOSX_DEPLOYMENT_TARGET = 14.2;
				MARKETING_VERSION = 1.0;
				PRODUCT_BUNDLE_IDENTIFIER = "pers.cierra-runis.plutoTests";
				PRODUCT_NAME = "$(TARGET_NAME)";
				SDKROOT = auto;
				SUPPORTED_PLATFORMS = "iphoneos iphonesimulator macosx";
				SWIFT_EMIT_LOC_STRINGS = NO;
				SWIFT_VERSION = 5.0;
				TARGETED_DEVICE_FAMILY = "1,2";
				TEST_HOST = "$(BUILT_PRODUCTS_DIR)/pluto.app/$(BUNDLE_EXECUTABLE_FOLDER_PATH)/pluto";
			};
			name = Debug;
		};
		595A4A552B3DCCE200FC2DBA /* Release */ = {
			isa = XCBuildConfiguration;
			buildSettings = {
				ALWAYS_EMBED_SWIFT_STANDARD_LIBRARIES = YES;
				BUNDLE_LOADER = "$(TEST_HOST)";
				CODE_SIGN_STYLE = Automatic;
				CURRENT_PROJECT_VERSION = 1;
				DEVELOPMENT_TEAM = JV9FLPTQ85;
				GENERATE_INFOPLIST_FILE = YES;
				IPHONEOS_DEPLOYMENT_TARGET = 17.2;
				MACOSX_DEPLOYMENT_TARGET = 14.2;
				MARKETING_VERSION = 1.0;
				PRODUCT_BUNDLE_IDENTIFIER = "pers.cierra-runis.plutoTests";
				PRODUCT_NAME = "$(TARGET_NAME)";
				SDKROOT = auto;
				SUPPORTED_PLATFORMS = "iphoneos iphonesimulator macosx";
				SWIFT_EMIT_LOC_STRINGS = NO;
				SWIFT_VERSION = 5.0;
				TARGETED_DEVICE_FAMILY = "1,2";
				TEST_HOST = "$(BUILT_PRODUCTS_DIR)/pluto.app/$(BUNDLE_EXECUTABLE_FOLDER_PATH)/pluto";
			};
			name = Release;
		};
		595A4A572B3DCCE200FC2DBA /* Debug */ = {
			isa = XCBuildConfiguration;
			buildSettings = {
				ALWAYS_EMBED_SWIFT_STANDARD_LIBRARIES = YES;
				CODE_SIGN_STYLE = Automatic;
				CURRENT_PROJECT_VERSION = 1;
				DEVELOPMENT_TEAM = JV9FLPTQ85;
				GENERATE_INFOPLIST_FILE = YES;
				IPHONEOS_DEPLOYMENT_TARGET = 17.2;
				MACOSX_DEPLOYMENT_TARGET = 14.2;
				MARKETING_VERSION = 1.0;
				PRODUCT_BUNDLE_IDENTIFIER = "pers.cierra-runis.plutoUITests";
				PRODUCT_NAME = "$(TARGET_NAME)";
				SDKROOT = auto;
				SUPPORTED_PLATFORMS = "iphoneos iphonesimulator macosx";
				SWIFT_EMIT_LOC_STRINGS = NO;
				SWIFT_VERSION = 5.0;
				TARGETED_DEVICE_FAMILY = "1,2";
				TEST_TARGET_NAME = pluto;
			};
			name = Debug;
		};
		595A4A582B3DCCE200FC2DBA /* Release */ = {
			isa = XCBuildConfiguration;
			buildSettings = {
				ALWAYS_EMBED_SWIFT_STANDARD_LIBRARIES = YES;
				CODE_SIGN_STYLE = Automatic;
				CURRENT_PROJECT_VERSION = 1;
				DEVELOPMENT_TEAM = JV9FLPTQ85;
				GENERATE_INFOPLIST_FILE = YES;
				IPHONEOS_DEPLOYMENT_TARGET = 17.2;
				MACOSX_DEPLOYMENT_TARGET = 14.2;
				MARKETING_VERSION = 1.0;
				PRODUCT_BUNDLE_IDENTIFIER = "pers.cierra-runis.plutoUITests";
				PRODUCT_NAME = "$(TARGET_NAME)";
				SDKROOT = auto;
				SUPPORTED_PLATFORMS = "iphoneos iphonesimulator macosx";
				SWIFT_EMIT_LOC_STRINGS = NO;
				SWIFT_VERSION = 5.0;
				TARGETED_DEVICE_FAMILY = "1,2";
				TEST_TARGET_NAME = pluto;
			};
			name = Release;
		};
/* End XCBuildConfiguration section */

/* Begin XCConfigurationList section */
		595A4A242B3DCCE100FC2DBA /* Build configuration list for PBXProject "pluto" */ = {
			isa = XCConfigurationList;
			buildConfigurations = (
				595A4A4E2B3DCCE200FC2DBA /* Debug */,
				595A4A4F2B3DCCE200FC2DBA /* Release */,
			);
			defaultConfigurationIsVisible = 0;
			defaultConfigurationName = Release;
		};
		595A4A502B3DCCE200FC2DBA /* Build configuration list for PBXNativeTarget "pluto" */ = {
			isa = XCConfigurationList;
			buildConfigurations = (
				595A4A512B3DCCE200FC2DBA /* Debug */,
				595A4A522B3DCCE200FC2DBA /* Release */,
			);
			defaultConfigurationIsVisible = 0;
			defaultConfigurationName = Release;
		};
		595A4A532B3DCCE200FC2DBA /* Build configuration list for PBXNativeTarget "plutoTests" */ = {
			isa = XCConfigurationList;
			buildConfigurations = (
				595A4A542B3DCCE200FC2DBA /* Debug */,
				595A4A552B3DCCE200FC2DBA /* Release */,
			);
			defaultConfigurationIsVisible = 0;
			defaultConfigurationName = Release;
		};
		595A4A562B3DCCE200FC2DBA /* Build configuration list for PBXNativeTarget "plutoUITests" */ = {
			isa = XCConfigurationList;
			buildConfigurations = (
				595A4A572B3DCCE200FC2DBA /* Debug */,
				595A4A582B3DCCE200FC2DBA /* Release */,
			);
			defaultConfigurationIsVisible = 0;
			defaultConfigurationName = Release;
		};
/* End XCConfigurationList section */
	};
	rootObject = 595A4A212B3DCCE100FC2DBA /* Project object */;
}
